<?xml version="1.0" encoding="utf-8"?>
<Project ToolsVersion="4.0" xmlns="http://schemas.microsoft.com/developer/msbuild/2003">
  <ItemGroup>
    <Filter Include="Source Files">
      <UniqueIdentifier>{4FC737F1-C7A5-4376-A066-2A32D752A2FF}</UniqueIdentifier>
      <Extensions>cpp;c;cc;cxx;c++;cppm;ixx;def;odl;idl;hpj;bat;asm;asmx</Extensions>
    </Filter>
    <Filter Include="Header Files">
      <UniqueIdentifier>{93995380-89BD-4b04-88EB-625FBE52EBFB}</UniqueIdentifier>
      <Extensions>h;hh;hpp;hxx;h++;hm;inl;inc;ipp;xsd</Extensions>
    </Filter>
    <Filter Include="Resource Files">
      <UniqueIdentifier>{67DA6AB6-F800-4c08-8B7A-83BB121AAD01}</UniqueIdentifier>
      <Extensions>rc;ico;cur;bmp;dlg;rc2;rct;bin;rgs;gif;jpg;jpeg;jpe;resx;tiff;tif;png;wav;mfcribbon-ms</Extensions>
    </Filter>
    <Filter Include="Source Files\FIRST SEMESTER">
      <UniqueIdentifier>{fe765de8-565b-4afb-a3ee-554ef2f74cc9}</UniqueIdentifier>
    </Filter>
    <Filter Include="Source Files\FIRST SEMESTER\lab 09">
      <UniqueIdentifier>{598b7e08-352a-4599-8951-50f80879efdb}</UniqueIdentifier>
    </Filter>
    <Filter Include="Source Files\FIRST SEMESTER\lab 10">
      <UniqueIdentifier>{d162cad9-8a6a-4136-afb2-0cb94d638ee3}</UniqueIdentifier>
    </Filter>
    <Filter Include="Source Files\FIRST SEMESTER\lab 11">
      <UniqueIdentifier>{e4741fcf-bac2-418d-a8d5-0cf601e20680}</UniqueIdentifier>
    </Filter>
    <Filter Include="Source Files\FIRST SEMESTER\lab 12">
      <UniqueIdentifier>{d7878c8c-afee-4cfb-9603-cd9464b0445e}</UniqueIdentifier>
    </Filter>
    <Filter Include="Source Files\FIRST SEMESTER\lab 13">
      <UniqueIdentifier>{6e346b64-65ca-4208-8e2e-ada7a5b84f1d}</UniqueIdentifier>
    </Filter>
    <Filter Include="Source Files\FIRST SEMESTER\lab 14">
      <UniqueIdentifier>{93528e13-a935-4d82-9549-4a91b035759f}</UniqueIdentifier>
    </Filter>
    <Filter Include="Source Files\SECOND SEMESTER">
      <UniqueIdentifier>{89d849f5-fc96-4c3d-b72f-6e2daf2c9873}</UniqueIdentifier>
    </Filter>
    <Filter Include="Source Files\SECOND SEMESTER\LAB 1">
      <UniqueIdentifier>{7e09810c-a814-4c78-8471-e93c4f047117}</UniqueIdentifier>
    </Filter>
    <Filter Include="Source Files\SECOND SEMESTER\LAB 2">
      <UniqueIdentifier>{f0ab3d3e-859f-4564-b9b5-bce4ead97b2e}</UniqueIdentifier>
    </Filter>
    <Filter Include="Source Files\SECOND SEMESTER\LAB 3">
      <UniqueIdentifier>{8a1eec30-c53a-4e8f-b9ac-8061321a0fe6}</UniqueIdentifier>
    </Filter>
    <Filter Include="Source Files\SECOND SEMESTER\LAB 4">
      <UniqueIdentifier>{ff53df84-04d3-4853-a61b-46a17443c5de}</UniqueIdentifier>
    </Filter>
    <Filter Include="Source Files\SECOND SEMESTER\UMAIR LABS">
      <UniqueIdentifier>{a8fe0bae-72fb-4c3e-97d0-8871e9f8bd06}</UniqueIdentifier>
    </Filter>
    <Filter Include="Source Files\SECOND SEMESTER\LAB 5">
      <UniqueIdentifier>{3b1669c7-0642-4f45-a5c4-de8d4409dc7a}</UniqueIdentifier>
    </Filter>
    <Filter Include="Source Files\SECOND SEMESTER\LAB 7">
      <UniqueIdentifier>{54b365ee-5f3d-4b7e-a6d7-b82074e3c8aa}</UniqueIdentifier>
    </Filter>
    <Filter Include="Source Files\SECOND SEMESTER\LAB 7\HUSSNAIN &amp; TALHA">
      <UniqueIdentifier>{41865604-edb1-4492-8f7d-54a47e5600d3}</UniqueIdentifier>
    </Filter>
    <Filter Include="Source Files\SECOND SEMESTER\LAB 7\MY WORKING">
      <UniqueIdentifier>{1aa02c5b-ae58-402c-afe6-624ab27432cc}</UniqueIdentifier>
    </Filter>
    <Filter Include="Source Files\SECOND SEMESTER\UMAIR MIDTERM">
      <UniqueIdentifier>{4df6fa63-d65c-4565-b17e-4e234acc1e87}</UniqueIdentifier>
    </Filter>
    <Filter Include="Source Files\SECOND SEMESTER\LAB 8">
      <UniqueIdentifier>{c8dff827-42e3-4ea7-a1fd-8ebcbd2a579a}</UniqueIdentifier>
    </Filter>
    <Filter Include="Source Files\SECOND SEMESTER\LAB 8\hussnian">
      <UniqueIdentifier>{0daed1b1-334f-4404-a0d1-ea476ad6903f}</UniqueIdentifier>
    </Filter>
    <Filter Include="Source Files\SECOND SEMESTER\LAB 9 %28OEL%29">
      <UniqueIdentifier>{2af86b20-7a02-4b2d-bab8-ad26d4e298c4}</UniqueIdentifier>
    </Filter>
    <Filter Include="Source Files\SECOND SEMESTER\LAB 9 %28OEL%29\USMAN">
      <UniqueIdentifier>{a02d1129-d652-4104-a691-85327122928e}</UniqueIdentifier>
    </Filter>
    <Filter Include="Source Files\SECOND SEMESTER\LAB 9 %28OEL%29\TRASH">
      <UniqueIdentifier>{a22ef5e7-557c-443a-a077-8c2516c91b45}</UniqueIdentifier>
    </Filter>
    <Filter Include="Source Files\SECOND SEMESTER\LAB 9 %28OEL%29\MUHAMMAD">
      <UniqueIdentifier>{0fdda95f-608c-44d7-92f3-0b10dbdebe12}</UniqueIdentifier>
    </Filter>
    <Filter Include="Source Files\SECOND SEMESTER\LAB 10">
      <UniqueIdentifier>{5f95c3af-f178-4d3e-affd-5c9a3df3b7c1}</UniqueIdentifier>
    </Filter>
    <Filter Include="Source Files\SECOND SEMESTER\QUIZ 2">
      <UniqueIdentifier>{47804d4e-ce1a-42e5-a805-9de27e3e4cae}</UniqueIdentifier>
    </Filter>
    <Filter Include="Source Files\SECOND SEMESTER\LAB 11">
      <UniqueIdentifier>{03487a79-731e-432e-8928-f55d23034395}</UniqueIdentifier>
    </Filter>
    <Filter Include="Source Files\SECOND SEMESTER\LAB 6">
      <UniqueIdentifier>{56802b35-d711-4f9d-9f3a-d2ec55855582}</UniqueIdentifier>
    </Filter>
    <Filter Include="Source Files\SECOND SEMESTER\LAB 12">
      <UniqueIdentifier>{38e72136-e64e-4fe0-8010-6fcbd1bc0599}</UniqueIdentifier>
    </Filter>
    <Filter Include="Source Files\SECOND SEMESTER\LAB 13">
      <UniqueIdentifier>{4e6ba3d1-a51a-44af-ba65-78c8f59a3d95}</UniqueIdentifier>
    </Filter>
    <Filter Include="Source Files\THIRD SEMESTER">
      <UniqueIdentifier>{2f1fab1f-47b3-4452-9acb-d33e1f9ac5d7}</UniqueIdentifier>
    </Filter>
    <Filter Include="Source Files\THIRD SEMESTER\LAB 1">
      <UniqueIdentifier>{4dad548b-c9e3-4905-9d7b-9e69b9aa3a4a}</UniqueIdentifier>
    </Filter>
    <Filter Include="Source Files\THIRD SEMESTER\LAB 2">
      <UniqueIdentifier>{f6cd6b37-1934-4655-ad40-c97e180480a3}</UniqueIdentifier>
    </Filter>
    <Filter Include="Source Files\THIRD SEMESTER\LAB 3">
      <UniqueIdentifier>{ea560cd4-5846-4db3-a297-0ca1b0035c58}</UniqueIdentifier>
    </Filter>
    <Filter Include="Source Files\THIRD SEMESTER\LAB 4%28OEL%29">
      <UniqueIdentifier>{5e26a3cd-53fb-453c-9b71-832f9d1edffd}</UniqueIdentifier>
    </Filter>
    <Filter Include="Source Files\THIRD SEMESTER\LAB 5">
      <UniqueIdentifier>{c046f0dd-874c-46fd-8f36-493ab3fb76d9}</UniqueIdentifier>
    </Filter>
    <Filter Include="Source Files\THIRD SEMESTER\LAB 6">
      <UniqueIdentifier>{385ddfe9-479f-443c-a32b-22578aaa24e8}</UniqueIdentifier>
    </Filter>
    <Filter Include="Source Files\THIRD SEMESTER\LAB 7">
      <UniqueIdentifier>{814dcd4c-88cf-4e34-bb66-f901f9957122}</UniqueIdentifier>
    </Filter>
  </ItemGroup>
  <ItemGroup>
    <ClCompile Include="all in one.cpp">
      <Filter>Source Files\FIRST SEMESTER\lab 09</Filter>
    </ClCompile>
    <ClCompile Include="Exercise - 1 _ Right angle triangle.cpp">
      <Filter>Source Files\FIRST SEMESTER\lab 09</Filter>
    </ClCompile>
    <ClCompile Include="Exercise - 2 _ leap year.cpp">
      <Filter>Source Files\FIRST SEMESTER\lab 09</Filter>
    </ClCompile>
    <ClCompile Include="Exercise - 3 _ grade of student .cpp">
      <Filter>Source Files\FIRST SEMESTER\lab 09</Filter>
    </ClCompile>
    <ClCompile Include="Exercise - 4 _ basic calculator.cpp">
      <Filter>Source Files\FIRST SEMESTER\lab 09</Filter>
    </ClCompile>
    <ClCompile Include="Exercise - 5 _ roots of the equation.cpp">
      <Filter>Source Files\FIRST SEMESTER\lab 09</Filter>
    </ClCompile>
    <ClCompile Include="Exercise - 6 _ bill.cpp">
      <Filter>Source Files\FIRST SEMESTER\lab 09</Filter>
    </ClCompile>
    <ClCompile Include="EXERCISE_01_Leap year.cpp">
      <Filter>Source Files\FIRST SEMESTER\lab 10</Filter>
    </ClCompile>
    <ClCompile Include="L11 TASK 2.cpp">
      <Filter>Source Files\FIRST SEMESTER\lab 11</Filter>
    </ClCompile>
    <ClCompile Include="L11 TASK 3.cpp">
      <Filter>Source Files\FIRST SEMESTER\lab 11</Filter>
    </ClCompile>
    <ClCompile Include="L11 TASK 4.cpp">
      <Filter>Source Files\FIRST SEMESTER\lab 11</Filter>
    </ClCompile>
    <ClCompile Include="L12 TASK 1.cpp">
      <Filter>Source Files\FIRST SEMESTER\lab 12</Filter>
    </ClCompile>
    <ClCompile Include="L12 TASK 2.cpp">
      <Filter>Source Files\FIRST SEMESTER\lab 12</Filter>
    </ClCompile>
    <ClCompile Include="L12 TASK 3.cpp">
      <Filter>Source Files\FIRST SEMESTER\lab 12</Filter>
    </ClCompile>
    <ClCompile Include="L12 TASK 4.cpp">
      <Filter>Source Files\FIRST SEMESTER\lab 12</Filter>
    </ClCompile>
    <ClCompile Include="L12 TASK 5.cpp">
      <Filter>Source Files\FIRST SEMESTER\lab 12</Filter>
    </ClCompile>
    <ClCompile Include="L13 TASK 1.cpp">
      <Filter>Source Files\FIRST SEMESTER\lab 13</Filter>
    </ClCompile>
    <ClCompile Include="L13 TASK 2.cpp">
      <Filter>Source Files\FIRST SEMESTER\lab 13</Filter>
    </ClCompile>
    <ClCompile Include="L13 TASK 3.cpp">
      <Filter>Source Files\FIRST SEMESTER\lab 13</Filter>
    </ClCompile>
    <ClCompile Include="L13 TASK 4.cpp">
      <Filter>Source Files\FIRST SEMESTER\lab 13</Filter>
    </ClCompile>
    <ClCompile Include="L13 TASK 5.cpp">
      <Filter>Source Files\FIRST SEMESTER\lab 13</Filter>
    </ClCompile>
    <ClCompile Include="L14 TASK 1.cpp">
      <Filter>Source Files\FIRST SEMESTER\lab 14</Filter>
    </ClCompile>
    <ClCompile Include="L14 TASK 2.cpp">
      <Filter>Source Files\FIRST SEMESTER\lab 14</Filter>
    </ClCompile>
    <ClCompile Include="L14 TASK 3.cpp">
      <Filter>Source Files\FIRST SEMESTER\lab 14</Filter>
    </ClCompile>
    <ClCompile Include="L1 Task1.cpp">
      <Filter>Source Files\SECOND SEMESTER\LAB 1</Filter>
    </ClCompile>
    <ClCompile Include="L1 Task2.cpp">
      <Filter>Source Files\SECOND SEMESTER\LAB 1</Filter>
    </ClCompile>
    <ClCompile Include="L1 Task4.cpp">
      <Filter>Source Files\SECOND SEMESTER\LAB 1</Filter>
    </ClCompile>
    <ClCompile Include="unexpected.c++.cpp">
      <Filter>Source Files\SECOND SEMESTER\LAB 1</Filter>
    </ClCompile>
    <ClCompile Include="practice.cpp">
      <Filter>Source Files\SECOND SEMESTER\LAB 1</Filter>
    </ClCompile>
    <ClCompile Include="code 1 re.cpp">
      <Filter>Source Files\SECOND SEMESTER\LAB 1</Filter>
    </ClCompile>
    <ClCompile Include="code 3 re.cpp">
      <Filter>Source Files\SECOND SEMESTER\LAB 1</Filter>
    </ClCompile>
    <ClCompile Include="r4.cpp">
      <Filter>Source Files\SECOND SEMESTER\LAB 1</Filter>
    </ClCompile>
    <ClCompile Include="code 2 re.cpp">
      <Filter>Source Files\SECOND SEMESTER\LAB 1</Filter>
    </ClCompile>
    <ClCompile Include="L2 task 1.cpp">
      <Filter>Source Files\SECOND SEMESTER\LAB 2</Filter>
    </ClCompile>
    <ClCompile Include="ajka code.cpp">
      <Filter>Source Files\SECOND SEMESTER\LAB 2</Filter>
    </ClCompile>
    <ClCompile Include="L3 Task.cpp">
      <Filter>Source Files\SECOND SEMESTER\LAB 3</Filter>
    </ClCompile>
    <ClCompile Include="L3 Task4.cpp">
      <Filter>Source Files\SECOND SEMESTER\LAB 3</Filter>
    </ClCompile>
    <ClCompile Include="L3 Task 1.cpp">
      <Filter>Source Files\SECOND SEMESTER\LAB 3</Filter>
    </ClCompile>
    <ClCompile Include="L3 Task 3.cpp">
      <Filter>Source Files\SECOND SEMESTER\LAB 3</Filter>
    </ClCompile>
    <ClCompile Include="L3 Task 2.cpp">
      <Filter>Source Files\SECOND SEMESTER\LAB 3</Filter>
    </ClCompile>
    <ClCompile Include="L4 Task 1.cpp">
      <Filter>Source Files\SECOND SEMESTER\LAB 4</Filter>
    </ClCompile>
    <ClCompile Include="code1.cpp">
      <Filter>Source Files\SECOND SEMESTER\LAB 4</Filter>
    </ClCompile>
    <ClCompile Include="code2.cpp">
      <Filter>Source Files\SECOND SEMESTER\LAB 4</Filter>
    </ClCompile>
    <ClCompile Include="code3.cpp">
      <Filter>Source Files\SECOND SEMESTER\LAB 4</Filter>
    </ClCompile>
    <ClCompile Include="code 4.cpp">
      <Filter>Source Files\SECOND SEMESTER\LAB 4</Filter>
    </ClCompile>
    <ClCompile Include="code 5.cpp">
      <Filter>Source Files\SECOND SEMESTER\LAB 4</Filter>
    </ClCompile>
    <ClCompile Include="L2.cpp">
      <Filter>Source Files\SECOND SEMESTER\UMAIR LABS</Filter>
    </ClCompile>
    <ClCompile Include="L3.cpp">
      <Filter>Source Files\SECOND SEMESTER\UMAIR LABS</Filter>
    </ClCompile>
    <ClCompile Include="L4.cpp">
      <Filter>Source Files\SECOND SEMESTER\UMAIR LABS</Filter>
    </ClCompile>
    <ClCompile Include="L1.cpp">
      <Filter>Source Files\SECOND SEMESTER\UMAIR LABS</Filter>
    </ClCompile>
    <ClCompile Include="L5.cpp">
      <Filter>Source Files\SECOND SEMESTER\UMAIR LABS</Filter>
    </ClCompile>
    <ClCompile Include="1.cpp">
      <Filter>Source Files\SECOND SEMESTER\UMAIR LABS</Filter>
    </ClCompile>
    <ClCompile Include="2.cpp">
      <Filter>Source Files\SECOND SEMESTER\UMAIR LABS</Filter>
    </ClCompile>
    <ClCompile Include="3.cpp">
      <Filter>Source Files\SECOND SEMESTER\UMAIR LABS</Filter>
    </ClCompile>
    <ClCompile Include="4.cpp">
      <Filter>Source Files\SECOND SEMESTER\UMAIR LABS</Filter>
    </ClCompile>
    <ClCompile Include="5.cpp">
      <Filter>Source Files\SECOND SEMESTER\UMAIR LABS</Filter>
    </ClCompile>
    <ClCompile Include="L5 T1.cpp">
      <Filter>Source Files\SECOND SEMESTER\LAB 5</Filter>
    </ClCompile>
    <ClCompile Include="L5 T2.cpp">
      <Filter>Source Files\SECOND SEMESTER\LAB 5</Filter>
    </ClCompile>
    <ClCompile Include="6.cpp">
      <Filter>Source Files\SECOND SEMESTER\UMAIR LABS</Filter>
    </ClCompile>
    <ClCompile Include="7.cpp">
      <Filter>Source Files\SECOND SEMESTER\UMAIR LABS</Filter>
    </ClCompile>
    <ClCompile Include="L6 T1 %28Dry run%29.cpp">
      <Filter>Source Files\SECOND SEMESTER\LAB 6</Filter>
    </ClCompile>
    <ClCompile Include="L6 T6.cpp">
      <Filter>Source Files\SECOND SEMESTER\LAB 6</Filter>
    </ClCompile>
    <ClCompile Include="8.cpp">
      <Filter>Source Files\SECOND SEMESTER\UMAIR LABS</Filter>
    </ClCompile>
    <ClCompile Include="9.cpp">
      <Filter>Source Files\SECOND SEMESTER\UMAIR LABS</Filter>
    </ClCompile>
    <ClCompile Include="TemperatureC.h">
      <Filter>Source Files\SECOND SEMESTER\LAB 7\HUSSNAIN &amp; TALHA</Filter>
    </ClCompile>
    <ClCompile Include="TemperatureC.cpp">
      <Filter>Source Files\SECOND SEMESTER\LAB 7\HUSSNAIN &amp; TALHA</Filter>
    </ClCompile>
    <ClCompile Include="TemperatureF.cpp">
      <Filter>Source Files\SECOND SEMESTER\LAB 7\HUSSNAIN &amp; TALHA</Filter>
    </ClCompile>
    <ClCompile Include="main.cpp">
      <Filter>Source Files\SECOND SEMESTER\LAB 7\HUSSNAIN &amp; TALHA</Filter>
    </ClCompile>
    <ClCompile Include="EX02.cpp">
      <Filter>Source Files\SECOND SEMESTER\LAB 7\HUSSNAIN &amp; TALHA</Filter>
    </ClCompile>
    <ClCompile Include="EX02 TNP.cpp">
      <Filter>Source Files\SECOND SEMESTER\LAB 7\HUSSNAIN &amp; TALHA</Filter>
    </ClCompile>
    <ClCompile Include="L7 T1.cpp">
      <Filter>Source Files\SECOND SEMESTER\LAB 7\MY WORKING</Filter>
    </ClCompile>
    <ClCompile Include="L7 T2.cpp">
      <Filter>Source Files\SECOND SEMESTER\LAB 7\MY WORKING</Filter>
    </ClCompile>
    <ClCompile Include="temperature.cpp">
      <Filter>Source Files\SECOND SEMESTER\LAB 7\MY WORKING</Filter>
    </ClCompile>
    <ClCompile Include="Tempmain.cpp">
      <Filter>Source Files\SECOND SEMESTER\LAB 7\HUSSNAIN &amp; TALHA</Filter>
    </ClCompile>
    <ClCompile Include="MAIN1.cpp">
      <Filter>Source Files\SECOND SEMESTER\LAB 7\HUSSNAIN &amp; TALHA</Filter>
    </ClCompile>
    <ClCompile Include="M1 Q1.cpp">
      <Filter>Source Files\SECOND SEMESTER\UMAIR MIDTERM</Filter>
    </ClCompile>
    <ClCompile Include="M1 Q2.cpp">
      <Filter>Source Files\SECOND SEMESTER\UMAIR MIDTERM</Filter>
    </ClCompile>
    <ClCompile Include="L8 T1.cpp">
      <Filter>Source Files\SECOND SEMESTER\LAB 8</Filter>
    </ClCompile>
    <ClCompile Include="L8 T2.cpp">
      <Filter>Source Files\SECOND SEMESTER\LAB 8</Filter>
    </ClCompile>
    <ClCompile Include="24L6177.cpp">
      <Filter>Source Files\SECOND SEMESTER\LAB 8\hussnian</Filter>
    </ClCompile>
    <ClCompile Include="24L6177%282%29.cpp">
      <Filter>Source Files\SECOND SEMESTER\LAB 8\hussnian</Filter>
    </ClCompile>
    <ClCompile Include="lmain.cpp">
      <Filter>Source Files\SECOND SEMESTER\LAB 9 %28OEL%29\USMAN</Filter>
    </ClCompile>
    <ClCompile Include="lsource.cpp">
      <Filter>Source Files\SECOND SEMESTER\LAB 9 %28OEL%29\USMAN</Filter>
    </ClCompile>
    <ClCompile Include="English.cpp">
      <Filter>Source Files\SECOND SEMESTER\LAB 9 %28OEL%29\TRASH</Filter>
    </ClCompile>
    <ClCompile Include="History.cpp">
      <Filter>Source Files\SECOND SEMESTER\LAB 9 %28OEL%29\TRASH</Filter>
    </ClCompile>
    <ClCompile Include="L9 T1%28main%29.cpp">
      <Filter>Source Files\SECOND SEMESTER\LAB 9 %28OEL%29\TRASH</Filter>
    </ClCompile>
    <ClCompile Include="Math.cpp">
      <Filter>Source Files\SECOND SEMESTER\LAB 9 %28OEL%29\TRASH</Filter>
    </ClCompile>
    <ClCompile Include="Student.cpp">
      <Filter>Source Files\SECOND SEMESTER\LAB 9 %28OEL%29\TRASH</Filter>
    </ClCompile>
    <ClCompile Include="StudentManager.cpp">
      <Filter>Source Files\SECOND SEMESTER\LAB 9 %28OEL%29\TRASH</Filter>
    </ClCompile>
    <ClCompile Include="student1.cpp">
      <Filter>Source Files\SECOND SEMESTER\LAB 9 %28OEL%29\MUHAMMAD</Filter>
    </ClCompile>
    <ClCompile Include="manager.cpp">
      <Filter>Source Files\SECOND SEMESTER\LAB 9 %28OEL%29\MUHAMMAD</Filter>
    </ClCompile>
    <ClCompile Include="main2.cpp">
      <Filter>Source Files\SECOND SEMESTER\LAB 9 %28OEL%29\MUHAMMAD</Filter>
    </ClCompile>
    <ClCompile Include="S2 L10 T1.cpp">
      <Filter>Source Files\SECOND SEMESTER\LAB 10</Filter>
    </ClCompile>
    <ClCompile Include="L6.cpp">
      <Filter>Source Files\SECOND SEMESTER\UMAIR LABS</Filter>
    </ClCompile>
    <ClCompile Include="L7.cpp">
      <Filter>Source Files\SECOND SEMESTER\UMAIR LABS</Filter>
    </ClCompile>
    <ClCompile Include="L8.cpp">
      <Filter>Source Files\SECOND SEMESTER\UMAIR LABS</Filter>
    </ClCompile>
    <ClCompile Include="L9.cpp">
      <Filter>Source Files\SECOND SEMESTER\UMAIR LABS</Filter>
    </ClCompile>
    <ClCompile Include="QUESTION 1.cpp">
      <Filter>Source Files\SECOND SEMESTER\QUIZ 2</Filter>
    </ClCompile>
    <ClCompile Include="S2 L11 T1.cpp">
      <Filter>Source Files\SECOND SEMESTER\LAB 11</Filter>
    </ClCompile>
    <ClCompile Include="S2 L11 T2.cpp">
      <Filter>Source Files\SECOND SEMESTER\LAB 11</Filter>
    </ClCompile>
    <ClCompile Include="S2 L11 T3.cpp">
      <Filter>Source Files\SECOND SEMESTER\LAB 11</Filter>
    </ClCompile>
    <ClCompile Include="S2 L12 T1.cpp">
      <Filter>Source Files\SECOND SEMESTER\LAB 12</Filter>
    </ClCompile>
    <ClCompile Include="24L-6177.cpp">
      <Filter>Source Files\SECOND SEMESTER\LAB 13</Filter>
    </ClCompile>
    <ClCompile Include="S3 L1 Q3.cpp">
      <Filter>Source Files\THIRD SEMESTER\LAB 1</Filter>
    </ClCompile>
    <ClCompile Include="S3 L2 Q1.cpp">
      <Filter>Source Files\THIRD SEMESTER\LAB 2</Filter>
    </ClCompile>
    <ClCompile Include="S3 L2 Q2.cpp">
      <Filter>Source Files\THIRD SEMESTER\LAB 2</Filter>
    </ClCompile>
    <ClCompile Include="S3 L3 Q2.cpp">
      <Filter>Source Files\THIRD SEMESTER\LAB 3</Filter>
    </ClCompile>
    <ClCompile Include="L4%28main%29.cpp">
      <Filter>Source Files\THIRD SEMESTER\LAB 4%28OEL%29</Filter>
    </ClCompile>
    <ClCompile Include="Election.cpp">
      <Filter>Source Files\THIRD SEMESTER\LAB 4%28OEL%29</Filter>
    </ClCompile>
    <ClCompile Include="S3 L5 Q1%28main%29.cpp">
      <Filter>Source Files\THIRD SEMESTER\LAB 5</Filter>
    </ClCompile>
    <ClCompile Include="Slist.cpp">
      <Filter>Source Files\THIRD SEMESTER\LAB 5</Filter>
    </ClCompile>
    <ClCompile Include="Stack.cpp">
      <Filter>Source Files\THIRD SEMESTER\LAB 5</Filter>
    </ClCompile>
    <ClCompile Include="S3 L5 Q2.cpp">
      <Filter>Source Files\THIRD SEMESTER\LAB 5</Filter>
    </ClCompile>
    <ClCompile Include="S3 L5 Q3.cpp">
      <Filter>Source Files\THIRD SEMESTER\LAB 5</Filter>
    </ClCompile>
    <ClCompile Include="S3 L6 Q1.cpp">
      <Filter>Source Files\THIRD SEMESTER\LAB 6</Filter>
    </ClCompile>
    <ClCompile Include="S3 L6 Q3.cpp">
      <Filter>Source Files\THIRD SEMESTER\LAB 6</Filter>
    </ClCompile>
    <ClCompile Include="S3 L7 Q1.cpp">
      <Filter>Source Files\THIRD SEMESTER\LAB 7</Filter>
    </ClCompile>
  </ItemGroup>
  <ItemGroup>
    <Text Include="test.txt">
      <Filter>Source Files\SECOND SEMESTER\LAB 3</Filter>
    </Text>
    <Text Include="students.txt">
      <Filter>Source Files\SECOND SEMESTER\LAB 9 %28OEL%29\USMAN</Filter>
    </Text>
    <Text Include="results.txt">
      <Filter>Source Files\SECOND SEMESTER\LAB 9 %28OEL%29\USMAN</Filter>
    </Text>
    <Text Include="result.txt">
      <Filter>Source Files\SECOND SEMESTER\LAB 9 %28OEL%29\TRASH</Filter>
    </Text>
    <Text Include="Student.txt">
      <Filter>Source Files\SECOND SEMESTER\LAB 9 %28OEL%29\TRASH</Filter>
    </Text>
    <Text Include="students1.txt">
      <Filter>Source Files\SECOND SEMESTER\LAB 9 %28OEL%29\MUHAMMAD</Filter>
    </Text>
    <Text Include="results2.txt">
      <Filter>Source Files\SECOND SEMESTER\LAB 9 %28OEL%29\MUHAMMAD</Filter>
    </Text>
  </ItemGroup>
  <ItemGroup>
    <ClInclude Include="TemperatureF.h">
      <Filter>Source Files\SECOND SEMESTER\LAB 7\HUSSNAIN &amp; TALHA</Filter>
    </ClInclude>
    <ClInclude Include="TempConversion.h">
      <Filter>Source Files\SECOND SEMESTER\LAB 7\HUSSNAIN &amp; TALHA</Filter>
    </ClInclude>
    <ClInclude Include="Temperature1.h">
      <Filter>Source Files\SECOND SEMESTER\LAB 7\MY WORKING</Filter>
    </ClInclude>
    <ClInclude Include="lheader.h">
      <Filter>Source Files\SECOND SEMESTER\LAB 9 %28OEL%29\USMAN</Filter>
    </ClInclude>
    <ClInclude Include="english.h">
      <Filter>Source Files\SECOND SEMESTER\LAB 9 %28OEL%29\TRASH</Filter>
    </ClInclude>
    <ClInclude Include="history.h">
      <Filter>Source Files\SECOND SEMESTER\LAB 9 %28OEL%29\TRASH</Filter>
    </ClInclude>
    <ClInclude Include="math.h">
      <Filter>Source Files\SECOND SEMESTER\LAB 9 %28OEL%29\TRASH</Filter>
    </ClInclude>
    <ClInclude Include="student.h">
      <Filter>Source Files\SECOND SEMESTER\LAB 9 %28OEL%29\TRASH</Filter>
    </ClInclude>
    <ClInclude Include="StudentManager.h">
      <Filter>Source Files\SECOND SEMESTER\LAB 9 %28OEL%29\TRASH</Filter>
    </ClInclude>
    <ClInclude Include="student1.h">
      <Filter>Source Files\SECOND SEMESTER\LAB 9 %28OEL%29\MUHAMMAD</Filter>
    </ClInclude>
    <ClInclude Include="manager.h">
      <Filter>Source Files\SECOND SEMESTER\LAB 9 %28OEL%29\MUHAMMAD</Filter>
    </ClInclude>
    <ClInclude Include="Election.h">
      <Filter>Source Files\THIRD SEMESTER\LAB 4%28OEL%29</Filter>
    </ClInclude>
    <ClInclude Include="Slist.h">
      <Filter>Source Files\THIRD SEMESTER\LAB 5</Filter>
    </ClInclude>
    <ClInclude Include="Stack.h">
      <Filter>Source Files\THIRD SEMESTER\LAB 5</Filter>
    </ClInclude>
  </ItemGroup>
</Project>