<?xml version="1.0" encoding="utf-8"?>
<Project ToolsVersion="4.0" xmlns="http://schemas.microsoft.com/developer/msbuild/2003">
  <ItemGroup>
    <Filter Include="Source Files">
      <UniqueIdentifier>{4FC737F1-C7A5-4376-A066-2A32D752A2FF}</UniqueIdentifier>
      <Extensions>cpp;c;cc;cxx;c++;cppm;ixx;def;odl;idl;hpj;bat;asm;asmx</Extensions>
    </Filter>
    <Filter Include="Header Files">
      <UniqueIdentifier>{93995380-89BD-4b04-88EB-625FBE52EBFB}</UniqueIdentifier>
      <Extensions>h;hh;hpp;hxx;h++;hm;inl;inc;ipp;xsd</Extensions>
    </Filter>
    <Filter Include="Resource Files">
      <UniqueIdentifier>{67DA6AB6-F800-4c08-8B7A-83BB121AAD01}</UniqueIdentifier>
      <Extensions>rc;ico;cur;bmp;dlg;rc2;rct;bin;rgs;gif;jpg;jpeg;jpe;resx;tiff;tif;png;wav;mfcribbon-ms</Extensions>
    </Filter>
    <Filter Include="Source Files\FIRST SEMESTER">
      <UniqueIdentifier>{fe765de8-565b-4afb-a3ee-554ef2f74cc9}</UniqueIdentifier>
    </Filter>
    <Filter Include="Source Files\FIRST SEMESTER\lab 09">
      <UniqueIdentifier>{598b7e08-352a-4599-8951-50f80879efdb}</UniqueIdentifier>
    </Filter>
    <Filter Include="Source Files\FIRST SEMESTER\lab 10">
      <UniqueIdentifier>{d162cad9-8a6a-4136-afb2-0cb94d638ee3}</UniqueIdentifier>
    </Filter>
    <Filter Include="Source Files\FIRST SEMESTER\lab 11">
      <UniqueIdentifier>{e4741fcf-bac2-418d-a8d5-0cf601e20680}</UniqueIdentifier>
    </Filter>
    <Filter Include="Source Files\FIRST SEMESTER\lab 12">
      <UniqueIdentifier>{d7878c8c-afee-4cfb-9603-cd9464b0445e}</UniqueIdentifier>
    </Filter>
    <Filter Include="Source Files\FIRST SEMESTER\lab 13">
      <UniqueIdentifier>{6e346b64-65ca-4208-8e2e-ada7a5b84f1d}</UniqueIdentifier>
    </Filter>
    <Filter Include="Source Files\FIRST SEMESTER\lab 14">
      <UniqueIdentifier>{93528e13-a935-4d82-9549-4a91b035759f}</UniqueIdentifier>
    </Filter>
    <Filter Include="Source Files\SECOND SEMESTER">
      <UniqueIdentifier>{89d849f5-fc96-4c3d-b72f-6e2daf2c9873}</UniqueIdentifier>
    </Filter>
    <Filter Include="Source Files\SECOND SEMESTER\LAB 1">
      <UniqueIdentifier>{7e09810c-a814-4c78-8471-e93c4f047117}</UniqueIdentifier>
    </Filter>
    <Filter Include="Source Files\SECOND SEMESTER\LAB 2">
      <UniqueIdentifier>{f0ab3d3e-859f-4564-b9b5-bce4ead97b2e}</UniqueIdentifier>
    </Filter>
  </ItemGroup>
  <ItemGroup>
    <ClCompile Include="all in one.cpp">
      <Filter>Source Files\FIRST SEMESTER\lab 09</Filter>
    </ClCompile>
    <ClCompile Include="Exercise - 1 _ Right angle triangle.cpp">
      <Filter>Source Files\FIRST SEMESTER\lab 09</Filter>
    </ClCompile>
    <ClCompile Include="Exercise - 2 _ leap year.cpp">
      <Filter>Source Files\FIRST SEMESTER\lab 09</Filter>
    </ClCompile>
    <ClCompile Include="Exercise - 3 _ grade of student .cpp">
      <Filter>Source Files\FIRST SEMESTER\lab 09</Filter>
    </ClCompile>
    <ClCompile Include="Exercise - 4 _ basic calculator.cpp">
      <Filter>Source Files\FIRST SEMESTER\lab 09</Filter>
    </ClCompile>
    <ClCompile Include="Exercise - 5 _ roots of the equation.cpp">
      <Filter>Source Files\FIRST SEMESTER\lab 09</Filter>
    </ClCompile>
    <ClCompile Include="Exercise - 6 _ bill.cpp">
      <Filter>Source Files\FIRST SEMESTER\lab 09</Filter>
    </ClCompile>
    <ClCompile Include="EXERCISE_01_Leap year.cpp">
      <Filter>Source Files\FIRST SEMESTER\lab 10</Filter>
    </ClCompile>
    <ClCompile Include="L11 TASK 2.cpp">
      <Filter>Source Files\FIRST SEMESTER\lab 11</Filter>
    </ClCompile>
    <ClCompile Include="L11 TASK 3.cpp">
      <Filter>Source Files\FIRST SEMESTER\lab 11</Filter>
    </ClCompile>
    <ClCompile Include="L11 TASK 4.cpp">
      <Filter>Source Files\FIRST SEMESTER\lab 11</Filter>
    </ClCompile>
    <ClCompile Include="L12 TASK 1.cpp">
      <Filter>Source Files\FIRST SEMESTER\lab 12</Filter>
    </ClCompile>
    <ClCompile Include="L12 TASK 2.cpp">
      <Filter>Source Files\FIRST SEMESTER\lab 12</Filter>
    </ClCompile>
    <ClCompile Include="L12 TASK 3.cpp">
      <Filter>Source Files\FIRST SEMESTER\lab 12</Filter>
    </ClCompile>
    <ClCompile Include="L12 TASK 4.cpp">
      <Filter>Source Files\FIRST SEMESTER\lab 12</Filter>
    </ClCompile>
    <ClCompile Include="L12 TASK 5.cpp">
      <Filter>Source Files\FIRST SEMESTER\lab 12</Filter>
    </ClCompile>
    <ClCompile Include="L13 TASK 1.cpp">
      <Filter>Source Files\FIRST SEMESTER\lab 13</Filter>
    </ClCompile>
    <ClCompile Include="L13 TASK 2.cpp">
      <Filter>Source Files\FIRST SEMESTER\lab 13</Filter>
    </ClCompile>
    <ClCompile Include="L13 TASK 3.cpp">
      <Filter>Source Files\FIRST SEMESTER\lab 13</Filter>
    </ClCompile>
    <ClCompile Include="L13 TASK 4.cpp">
      <Filter>Source Files\FIRST SEMESTER\lab 13</Filter>
    </ClCompile>
    <ClCompile Include="L13 TASK 5.cpp">
      <Filter>Source Files\FIRST SEMESTER\lab 13</Filter>
    </ClCompile>
    <ClCompile Include="L14 TASK 1.cpp">
      <Filter>Source Files\FIRST SEMESTER\lab 14</Filter>
    </ClCompile>
    <ClCompile Include="L14 TASK 2.cpp">
      <Filter>Source Files\FIRST SEMESTER\lab 14</Filter>
    </ClCompile>
    <ClCompile Include="L14 TASK 3.cpp">
      <Filter>Source Files\FIRST SEMESTER\lab 14</Filter>
    </ClCompile>
    <ClCompile Include="L1 Task1.cpp">
      <Filter>Source Files\SECOND SEMESTER\LAB 1</Filter>
    </ClCompile>
    <ClCompile Include="L1 Task2.cpp">
      <Filter>Source Files\SECOND SEMESTER\LAB 1</Filter>
    </ClCompile>
    <ClCompile Include="L1 Task4.cpp">
      <Filter>Source Files\SECOND SEMESTER\LAB 1</Filter>
    </ClCompile>
    <ClCompile Include="unexpected.c++.cpp">
      <Filter>Source Files\SECOND SEMESTER\LAB 1</Filter>
    </ClCompile>
    <ClCompile Include="practice.cpp">
      <Filter>Source Files\SECOND SEMESTER\LAB 1</Filter>
    </ClCompile>
    <ClCompile Include="code 1 re.cpp">
      <Filter>Source Files\SECOND SEMESTER\LAB 1</Filter>
    </ClCompile>
    <ClCompile Include="code 3 re.cpp">
      <Filter>Source Files\SECOND SEMESTER\LAB 1</Filter>
    </ClCompile>
    <ClCompile Include="r4.cpp">
      <Filter>Source Files\SECOND SEMESTER\LAB 1</Filter>
    </ClCompile>
    <ClCompile Include="code 2 re.cpp">
      <Filter>Source Files\SECOND SEMESTER\LAB 1</Filter>
    </ClCompile>
    <ClCompile Include="L2 task 1.cpp">
      <Filter>Source Files\SECOND SEMESTER\LAB 2</Filter>
    </ClCompile>
  </ItemGroup>
</Project>