<?xml version="1.0" encoding="utf-8"?>
<Project ToolsVersion="4.0" xmlns="http://schemas.microsoft.com/developer/msbuild/2003">
  <ItemGroup>
    <Filter Include="Header Files">
      <UniqueIdentifier>{93995380-89BD-4b04-88EB-625FBE52EBFB}</UniqueIdentifier>
      <Extensions>h;hh;hpp;hxx;h++;hm;inl;inc;ipp;xsd</Extensions>
    </Filter>
    <Filter Include="Resource Files">
      <UniqueIdentifier>{67DA6AB6-F800-4c08-8B7A-83BB121AAD01}</UniqueIdentifier>
      <Extensions>rc;ico;cur;bmp;dlg;rc2;rct;bin;rgs;gif;jpg;jpeg;jpe;resx;tiff;tif;png;wav;mfcribbon-ms</Extensions>
    </Filter>
    <Filter Include="Source Files">
      <UniqueIdentifier>{4FC737F1-C7A5-4376-A066-2A32D752A2FF}</UniqueIdentifier>
      <Extensions>cpp;c;cc;cxx;c++;cppm;ixx;def;odl;idl;hpj;bat;asm;asmx</Extensions>
    </Filter>
    <Filter Include="Source Files\FIRST SEMESTER">
      <UniqueIdentifier>{7b2a0297-1a5e-4a5f-b743-2c504215fbc6}</UniqueIdentifier>
    </Filter>
    <Filter Include="Source Files\FIRST SEMESTER\ICT FINAL PRACTICE QUESTIONS">
      <UniqueIdentifier>{6081029a-df74-471b-9328-9d61751fd6d5}</UniqueIdentifier>
    </Filter>
    <Filter Include="Source Files\FIRST SEMESTER\ICT PRACTICE QUESTIONS">
      <UniqueIdentifier>{a2e70976-1317-445b-b673-9034ec901ed0}</UniqueIdentifier>
    </Filter>
    <Filter Include="Source Files\FIRST SEMESTER\MID 02">
      <UniqueIdentifier>{6fcf2c2e-3897-4a05-b15c-e715c2835359}</UniqueIdentifier>
    </Filter>
    <Filter Include="Source Files\FIRST SEMESTER\PRACTICE QUESTIONS %28ARSHAQ%29">
      <UniqueIdentifier>{3ca71329-a099-49f2-b61a-80c2a4471831}</UniqueIdentifier>
    </Filter>
    <Filter Include="Source Files\FIRST SEMESTER\RECURRSION PRACTICE QUESTIONS">
      <UniqueIdentifier>{a0021fb6-e78e-4fc8-88ed-1a552a41d088}</UniqueIdentifier>
    </Filter>
    <Filter Include="Source Files\SECOND SEMESTER">
      <UniqueIdentifier>{8118f628-808b-4607-9d09-2fd026a348a9}</UniqueIdentifier>
    </Filter>
    <Filter Include="Source Files\SECOND SEMESTER\OOP">
      <UniqueIdentifier>{0f49bf3f-9f78-49d0-9784-cc3855d9cced}</UniqueIdentifier>
    </Filter>
    <Filter Include="Source Files\SECOND SEMESTER\MID-1 Practice">
      <UniqueIdentifier>{c1657d83-ccdf-458a-a305-b44b839613ac}</UniqueIdentifier>
    </Filter>
    <Filter Include="Source Files\SECOND SEMESTER\CLASSES%28STRT OF OOP%29">
      <UniqueIdentifier>{3d19a31b-883a-425d-bac2-7d309990bb99}</UniqueIdentifier>
    </Filter>
    <Filter Include="Source Files\SECOND SEMESTER\RAFAY ALI KHAN">
      <UniqueIdentifier>{c8895256-d5b3-483f-8586-f661743690da}</UniqueIdentifier>
    </Filter>
    <Filter Include="Source Files\SECOND SEMESTER\S2 M2 PRACTICE">
      <UniqueIdentifier>{073b1ee8-1e43-4ee6-ad14-6f5f08932ced}</UniqueIdentifier>
    </Filter>
    <Filter Include="Source Files\SECOND SEMESTER\EXTRA">
      <UniqueIdentifier>{bd309fbd-cd5e-4b58-807f-679b6e4ac400}</UniqueIdentifier>
    </Filter>
    <Filter Include="Source Files\THIRD SEMESTER">
      <UniqueIdentifier>{a883a21d-014a-4f71-bfd9-734992317938}</UniqueIdentifier>
    </Filter>
    <Filter Include="Header Files\THIRD SEMESTER">
      <UniqueIdentifier>{f30bc6ed-6a33-4c97-b7ee-2a6cc89859ed}</UniqueIdentifier>
    </Filter>
  </ItemGroup>
  <ItemGroup>
    <ClCompile Include="P1.cpp">
      <Filter>Source Files\FIRST SEMESTER\MID 02</Filter>
    </ClCompile>
    <ClCompile Include="P2.cpp">
      <Filter>Source Files\FIRST SEMESTER\MID 02</Filter>
    </ClCompile>
    <ClCompile Include="print all real numbers.cpp">
      <Filter>Source Files\FIRST SEMESTER\MID 02</Filter>
    </ClCompile>
    <ClCompile Include="to draw a frame.cpp">
      <Filter>Source Files\FIRST SEMESTER\MID 02</Filter>
    </ClCompile>
    <ClCompile Include="draw a frame using nested for and ifelse.cpp">
      <Filter>Source Files\FIRST SEMESTER\MID 02</Filter>
    </ClCompile>
    <ClCompile Include="right triangle.cpp">
      <Filter>Source Files\FIRST SEMESTER\MID 02</Filter>
    </ClCompile>
    <ClCompile Include="check if the number is a perfect square or not.cpp">
      <Filter>Source Files\FIRST SEMESTER\MID 02</Filter>
    </ClCompile>
    <ClCompile Include="Armstrong number..cpp">
      <Filter>Source Files\FIRST SEMESTER\MID 02</Filter>
    </ClCompile>
    <ClCompile Include="Write a C++ code that checks if a number is an Armstrong number..cpp">
      <Filter>Source Files\FIRST SEMESTER\MID 02</Filter>
    </ClCompile>
    <ClCompile Include="PERFECT NUMBER.cpp">
      <Filter>Source Files\FIRST SEMESTER\MID 02</Filter>
    </ClCompile>
    <ClCompile Include="QUESTION NUMBER 05.cpp">
      <Filter>Source Files\FIRST SEMESTER\MID 02</Filter>
    </ClCompile>
    <ClCompile Include="QUESTION NUMBER 08.cpp">
      <Filter>Source Files\FIRST SEMESTER\MID 02</Filter>
    </ClCompile>
    <ClCompile Include="palindrome..cpp">
      <Filter>Source Files\FIRST SEMESTER\MID 02</Filter>
    </ClCompile>
    <ClCompile Include="reverse number.cpp">
      <Filter>Source Files\FIRST SEMESTER\MID 02</Filter>
    </ClCompile>
    <ClCompile Include="pattern question.cpp">
      <Filter>Source Files\FIRST SEMESTER\MID 02</Filter>
    </ClCompile>
    <ClCompile Include="23.cpp">
      <Filter>Source Files\FIRST SEMESTER\MID 02</Filter>
    </ClCompile>
    <ClCompile Include="QUESTION_01.cpp">
      <Filter>Source Files\FIRST SEMESTER\ICT PRACTICE QUESTIONS</Filter>
    </ClCompile>
    <ClCompile Include="QUESTION_02.cpp">
      <Filter>Source Files\FIRST SEMESTER\ICT PRACTICE QUESTIONS</Filter>
    </ClCompile>
    <ClCompile Include="QUESTION_03.cpp">
      <Filter>Source Files\FIRST SEMESTER\ICT PRACTICE QUESTIONS</Filter>
    </ClCompile>
    <ClCompile Include="QUESTION_04.cpp">
      <Filter>Source Files\FIRST SEMESTER\ICT PRACTICE QUESTIONS</Filter>
    </ClCompile>
    <ClCompile Include="QUESTION_05.cpp">
      <Filter>Source Files\FIRST SEMESTER\ICT PRACTICE QUESTIONS</Filter>
    </ClCompile>
    <ClCompile Include="QUESTION_06.cpp">
      <Filter>Source Files\FIRST SEMESTER\ICT PRACTICE QUESTIONS</Filter>
    </ClCompile>
    <ClCompile Include="QUESTION_07.cpp">
      <Filter>Source Files\FIRST SEMESTER\ICT PRACTICE QUESTIONS</Filter>
    </ClCompile>
    <ClCompile Include="QUESTION_08.cpp">
      <Filter>Source Files\FIRST SEMESTER\ICT PRACTICE QUESTIONS</Filter>
    </ClCompile>
    <ClCompile Include="QUESTION_13.cpp">
      <Filter>Source Files\FIRST SEMESTER\ICT PRACTICE QUESTIONS</Filter>
    </ClCompile>
    <ClCompile Include="PRIME_NUMBER.cpp">
      <Filter>Source Files\FIRST SEMESTER\ICT PRACTICE QUESTIONS</Filter>
    </ClCompile>
    <ClCompile Include="QUESTION 01.cpp">
      <Filter>Source Files\FIRST SEMESTER\ICT FINAL PRACTICE QUESTIONS</Filter>
    </ClCompile>
    <ClCompile Include="QUESTION 02.cpp">
      <Filter>Source Files\FIRST SEMESTER\ICT FINAL PRACTICE QUESTIONS</Filter>
    </ClCompile>
    <ClCompile Include="QUESTION 03.cpp">
      <Filter>Source Files\FIRST SEMESTER\ICT FINAL PRACTICE QUESTIONS</Filter>
    </ClCompile>
    <ClCompile Include="QUESTION 13.cpp">
      <Filter>Source Files\FIRST SEMESTER\ICT FINAL PRACTICE QUESTIONS</Filter>
    </ClCompile>
    <ClCompile Include="QUESTION 14.cpp">
      <Filter>Source Files\FIRST SEMESTER\ICT FINAL PRACTICE QUESTIONS</Filter>
    </ClCompile>
    <ClCompile Include="QUESTION 15.cpp">
      <Filter>Source Files\FIRST SEMESTER\ICT FINAL PRACTICE QUESTIONS</Filter>
    </ClCompile>
    <ClCompile Include="QUESTION 16.cpp">
      <Filter>Source Files\FIRST SEMESTER\ICT FINAL PRACTICE QUESTIONS</Filter>
    </ClCompile>
    <ClCompile Include="QUESTION 17.cpp">
      <Filter>Source Files\FIRST SEMESTER\ICT FINAL PRACTICE QUESTIONS</Filter>
    </ClCompile>
    <ClCompile Include="QUESTION 18.cpp">
      <Filter>Source Files\FIRST SEMESTER\ICT FINAL PRACTICE QUESTIONS</Filter>
    </ClCompile>
    <ClCompile Include="QUESTION 19.cpp">
      <Filter>Source Files\FIRST SEMESTER\ICT FINAL PRACTICE QUESTIONS</Filter>
    </ClCompile>
    <ClCompile Include="P 1.cpp">
      <Filter>Source Files\FIRST SEMESTER\PRACTICE QUESTIONS %28ARSHAQ%29</Filter>
    </ClCompile>
    <ClCompile Include="P 9.cpp">
      <Filter>Source Files\FIRST SEMESTER\PRACTICE QUESTIONS %28ARSHAQ%29</Filter>
    </ClCompile>
    <ClCompile Include="P 10.cpp">
      <Filter>Source Files\FIRST SEMESTER\PRACTICE QUESTIONS %28ARSHAQ%29</Filter>
    </ClCompile>
    <ClCompile Include="P 12.cpp">
      <Filter>Source Files\FIRST SEMESTER\PRACTICE QUESTIONS %28ARSHAQ%29</Filter>
    </ClCompile>
    <ClCompile Include="P 13.cpp">
      <Filter>Source Files\FIRST SEMESTER\PRACTICE QUESTIONS %28ARSHAQ%29</Filter>
    </ClCompile>
    <ClCompile Include="P 19.cpp">
      <Filter>Source Files\FIRST SEMESTER\PRACTICE QUESTIONS %28ARSHAQ%29</Filter>
    </ClCompile>
    <ClCompile Include="QUESTION 11.cpp">
      <Filter>Source Files\FIRST SEMESTER\ICT FINAL PRACTICE QUESTIONS</Filter>
    </ClCompile>
    <ClCompile Include="QUESTION 12.cpp">
      <Filter>Source Files\FIRST SEMESTER\ICT FINAL PRACTICE QUESTIONS</Filter>
    </ClCompile>
    <ClCompile Include="QUESTION 20.cpp">
      <Filter>Source Files\FIRST SEMESTER\ICT FINAL PRACTICE QUESTIONS</Filter>
    </ClCompile>
    <ClCompile Include="R 1.cpp">
      <Filter>Source Files\FIRST SEMESTER\RECURRSION PRACTICE QUESTIONS</Filter>
    </ClCompile>
    <ClCompile Include="R 2 .cpp">
      <Filter>Source Files\FIRST SEMESTER\RECURRSION PRACTICE QUESTIONS</Filter>
    </ClCompile>
    <ClCompile Include="code 2.cpp">
      <Filter>Source Files\SECOND SEMESTER\OOP</Filter>
    </ClCompile>
    <ClCompile Include="code 03.cpp">
      <Filter>Source Files\SECOND SEMESTER\OOP</Filter>
    </ClCompile>
    <ClCompile Include="code 04.cpp">
      <Filter>Source Files\SECOND SEMESTER\OOP</Filter>
    </ClCompile>
    <ClCompile Include="code 05%3b Reading the adress of the elemet and displaying the element.cpp">
      <Filter>Source Files\SECOND SEMESTER\OOP</Filter>
    </ClCompile>
    <ClCompile Include="chapter 8 exercise 5.cpp">
      <Filter>Source Files\SECOND SEMESTER\OOP</Filter>
    </ClCompile>
    <ClCompile Include="chapter 8 exercise 6.cpp">
      <Filter>Source Files\SECOND SEMESTER\OOP</Filter>
    </ClCompile>
    <ClCompile Include="dry run.cpp">
      <Filter>Source Files\SECOND SEMESTER\OOP</Filter>
    </ClCompile>
    <ClCompile Include="STRUCT.cpp">
      <Filter>Source Files\SECOND SEMESTER\OOP</Filter>
    </ClCompile>
    <ClCompile Include="QUESSTION 01.cpp">
      <Filter>Source Files\SECOND SEMESTER\MID-1 Practice</Filter>
    </ClCompile>
    <ClCompile Include="ARRAYS.cpp">
      <Filter>Source Files\SECOND SEMESTER\MID-1 Practice</Filter>
    </ClCompile>
    <ClCompile Include="Encryption key.cpp">
      <Filter>Source Files\SECOND SEMESTER\MID-1 Practice</Filter>
    </ClCompile>
    <ClCompile Include="static array.cpp">
      <Filter>Source Files\SECOND SEMESTER\MID-1 Practice</Filter>
    </ClCompile>
    <ClCompile Include="struct 1.cpp">
      <Filter>Source Files\SECOND SEMESTER\MID-1 Practice</Filter>
    </ClCompile>
    <ClCompile Include="struct2.cpp">
      <Filter>Source Files\SECOND SEMESTER\MID-1 Practice</Filter>
    </ClCompile>
    <ClCompile Include="STRUCT_23.cpp">
      <Filter>Source Files\SECOND SEMESTER\MID-1 Practice</Filter>
    </ClCompile>
    <ClCompile Include="struct2 again.cpp">
      <Filter>Source Files\SECOND SEMESTER\MID-1 Practice</Filter>
    </ClCompile>
    <ClCompile Include="encryption.cpp">
      <Filter>Source Files\SECOND SEMESTER\MID-1 Practice</Filter>
    </ClCompile>
    <ClCompile Include="struct3.cpp">
      <Filter>Source Files\SECOND SEMESTER\MID-1 Practice</Filter>
    </ClCompile>
    <ClCompile Include="merge.cpp">
      <Filter>Source Files\SECOND SEMESTER\MID-1 Practice</Filter>
    </ClCompile>
    <ClCompile Include="STRUCT PRACTICE.cpp">
      <Filter>Source Files\SECOND SEMESTER\MID-1 Practice</Filter>
    </ClCompile>
    <ClCompile Include="practice problem number 2.cpp">
      <Filter>Source Files\SECOND SEMESTER\MID-1 Practice</Filter>
    </ClCompile>
    <ClCompile Include="practice1.cpp">
      <Filter>Source Files\SECOND SEMESTER\CLASSES%28STRT OF OOP%29</Filter>
    </ClCompile>
    <ClCompile Include="code 1.cpp">
      <Filter>Source Files\SECOND SEMESTER\RAFAY ALI KHAN</Filter>
    </ClCompile>
    <ClCompile Include="cde 2.cpp">
      <Filter>Source Files\SECOND SEMESTER\RAFAY ALI KHAN</Filter>
    </ClCompile>
    <ClCompile Include="code003.cpp">
      <Filter>Source Files\SECOND SEMESTER\RAFAY ALI KHAN</Filter>
    </ClCompile>
    <ClCompile Include="code004.cpp">
      <Filter>Source Files\SECOND SEMESTER\RAFAY ALI KHAN</Filter>
    </ClCompile>
    <ClCompile Include="code005.cpp">
      <Filter>Source Files\SECOND SEMESTER\RAFAY ALI KHAN</Filter>
    </ClCompile>
    <ClCompile Include="COMPARISON B\W STRUCT AND CLASS.cpp">
      <Filter>Source Files\SECOND SEMESTER</Filter>
    </ClCompile>
    <ClCompile Include="practice 2 gcr.cpp">
      <Filter>Source Files\SECOND SEMESTER\CLASSES%28STRT OF OOP%29</Filter>
    </ClCompile>
    <ClCompile Include="this pointer.cpp">
      <Filter>Source Files\SECOND SEMESTER\CLASSES%28STRT OF OOP%29</Filter>
    </ClCompile>
    <ClCompile Include="ENCAPSULATION.cpp">
      <Filter>Source Files\SECOND SEMESTER\CLASSES%28STRT OF OOP%29</Filter>
    </ClCompile>
    <ClCompile Include="COMPOSITION.cpp">
      <Filter>Source Files\SECOND SEMESTER\CLASSES%28STRT OF OOP%29</Filter>
    </ClCompile>
    <ClCompile Include="01.cpp">
      <Filter>Source Files\SECOND SEMESTER\S2 M2 PRACTICE</Filter>
    </ClCompile>
    <ClCompile Include="02.cpp">
      <Filter>Source Files\SECOND SEMESTER\S2 M2 PRACTICE</Filter>
    </ClCompile>
    <ClCompile Include="03.cpp">
      <Filter>Source Files\SECOND SEMESTER\S2 M2 PRACTICE</Filter>
    </ClCompile>
    <ClCompile Include="CONSTRUXCTOR exp.cpp">
      <Filter>Source Files\SECOND SEMESTER\S2 M2 PRACTICE</Filter>
    </ClCompile>
    <ClCompile Include="CALCULATOR WITH DIFFERENT DATA TYPES.cpp">
      <Filter>Source Files\SECOND SEMESTER</Filter>
    </ClCompile>
    <ClCompile Include="WAJEEH PRACTICE 1.cpp">
      <Filter>Source Files\FIRST SEMESTER</Filter>
    </ClCompile>
    <ClCompile Include="task1.cpp">
      <Filter>Source Files\SECOND SEMESTER\OOP</Filter>
    </ClCompile>
    <ClCompile Include="reverse.cpp">
      <Filter>Source Files\THIRD SEMESTER</Filter>
    </ClCompile>
    <ClCompile Include="SLLIST.cpp">
      <Filter>Source Files\THIRD SEMESTER</Filter>
    </ClCompile>
    <ClCompile Include="text.cpp">
      <Filter>Source Files\THIRD SEMESTER</Filter>
    </ClCompile>
    <ClCompile Include="Postfix.cpp">
      <Filter>Source Files\THIRD SEMESTER</Filter>
    </ClCompile>
    <ClCompile Include="DEF SINGLY LIST.h">
      <Filter>Header Files\THIRD SEMESTER</Filter>
    </ClCompile>
    <ClCompile Include="SINGLY NODE.h">
      <Filter>Header Files\THIRD SEMESTER</Filter>
    </ClCompile>
    <ClCompile Include="SINGLYLIST.h">
      <Filter>Header Files\THIRD SEMESTER</Filter>
    </ClCompile>
    <ClCompile Include="ROW MAJOR.cpp">
      <Filter>Source Files\THIRD SEMESTER</Filter>
    </ClCompile>
  </ItemGroup>
  <ItemGroup>
    <Text Include="unreversed_number.txt">
      <Filter>Source Files\FIRST SEMESTER\PRACTICE QUESTIONS %28ARSHAQ%29</Filter>
    </Text>
    <Text Include="data.txt">
      <Filter>Source Files\SECOND SEMESTER\RAFAY ALI KHAN</Filter>
    </Text>
    <Text Include="name.txt">
      <Filter>Source Files\SECOND SEMESTER\RAFAY ALI KHAN</Filter>
    </Text>
    <Text Include="number.txt">
      <Filter>Source Files\SECOND SEMESTER\RAFAY ALI KHAN</Filter>
    </Text>
    <Text Include="sentence.txt">
      <Filter>Source Files\SECOND SEMESTER\RAFAY ALI KHAN</Filter>
    </Text>
    <Text Include="average.txt">
      <Filter>Source Files\SECOND SEMESTER\RAFAY ALI KHAN</Filter>
    </Text>
  </ItemGroup>
  <ItemGroup>
    <ClInclude Include="header.h">
      <Filter>Source Files\SECOND SEMESTER\CLASSES%28STRT OF OOP%29</Filter>
    </ClInclude>
    <ClInclude Include="SLLIST.h">
      <Filter>Source Files\THIRD SEMESTER</Filter>
    </ClInclude>
    <ClInclude Include="DEF OF SINGLY NODE.h">
      <Filter>Header Files\THIRD SEMESTER</Filter>
    </ClInclude>
  </ItemGroup>
</Project>